
Microsoft Visual Studio Solution File, Format Version 12.00
# Visual Studio Version 17
VisualStudioVersion = 17.1.32414.318
MinimumVisualStudioVersion = 10.0.40219.1
Project("{FAE04EC0-301F-11D3-BF4B-00C04F79EFBC}") = "FivePD-P-ChangeDutyNotification", "FivePD-P-ChangeDutyNotification\FivePD-P-ChangeDutyNotification.csproj", "{4F9EAA0C-1328-4430-A09D-F2FAD60A5089}"
EndProject
Global
	GlobalSection(SolutionConfigurationPlatforms) = preSolution
		Debug|Any CPU = Debug|Any CPU
		Release|Any CPU = Release|Any CPU
	EndGlobalSection
	GlobalSection(ProjectConfigurationPlatforms) = postSolution
		{4F9EAA0C-1328-4430-A09D-F2FAD60A5089}.Debug|Any CPU.ActiveCfg = Debug|Any CPU
		{4F9EAA0C-1328-4430-A09D-F2FAD60A5089}.Debug|Any CPU.Build.0 = Debug|Any CPU
		{4F9EAA0C-1328-4430-A09D-F2FAD60A5089}.Release|Any CPU.ActiveCfg = Release|Any CPU
		{4F9EAA0C-1328-4430-A09D-F2FAD60A5089}.Release|Any CPU.Build.0 = Release|Any CPU
	EndGlobalSection
	GlobalSection(SolutionProperties) = preSolution
		HideSolutionNode = FALSE
	EndGlobalSection
	GlobalSection(ExtensibilityGlobals) = postSolution
		SolutionGuid = {D99E0EA9-68A0-4871-9EC4-71EEC7ED3656}
	EndGlobalSection
EndGlobal
